// !$*UTF8*$!
{
	archiveVersion = 1;
	classes = {
	};
	objectVersion = 46;
	objects = {

/* Begin PBXBuildFile section */
		7E6745351E72434500485407 /* AppDelegate.swift in Sources */ = {isa = PBXBuildFile; fileRef = 7E6745341E72434500485407 /* AppDelegate.swift */; };
		7E6745371E72434500485407 /* ViewController.swift in Sources */ = {isa = PBXBuildFile; fileRef = 7E6745361E72434500485407 /* ViewController.swift */; };
		7E67453A1E72434500485407 /* Main.storyboard in Resources */ = {isa = PBXBuildFile; fileRef = 7E6745381E72434500485407 /* Main.storyboard */; };
		7E67453D1E72434500485407 /* TestSwiftScan.xcdatamodeld in Sources */ = {isa = PBXBuildFile; fileRef = 7E67453B1E72434500485407 /* TestSwiftScan.xcdatamodeld */; };
		7E67453F1E72434500485407 /* Assets.xcassets in Resources */ = {isa = PBXBuildFile; fileRef = 7E67453E1E72434500485407 /* Assets.xcassets */; };
		7E6745421E72434500485407 /* LaunchScreen.storyboard in Resources */ = {isa = PBXBuildFile; fileRef = 7E6745401E72434500485407 /* LaunchScreen.storyboard */; };
		7E67454D1E72434600485407 /* TestSwiftScanTests.swift in Sources */ = {isa = PBXBuildFile; fileRef = 7E67454C1E72434600485407 /* TestSwiftScanTests.swift */; };
		7E6745581E72434600485407 /* TestSwiftScanUITests.swift in Sources */ = {isa = PBXBuildFile; fileRef = 7E6745571E72434600485407 /* TestSwiftScanUITests.swift */; };
		7E6745661E7243DA00485407 /* ScanViewController.swift in Sources */ = {isa = PBXBuildFile; fileRef = 7E6745651E7243DA00485407 /* ScanViewController.swift */; };
		CB6934255879956137DD7B05 /* Pods_TestSwiftScan.framework in Frameworks */ = {isa = PBXBuildFile; fileRef = 618EFE7FAB713D052D8B3127 /* Pods_TestSwiftScan.framework */; };
/* End PBXBuildFile section */

/* Begin PBXContainerItemProxy section */
		7E6745491E72434600485407 /* PBXContainerItemProxy */ = {
			isa = PBXContainerItemProxy;
			containerPortal = 7E6745291E72434500485407 /* Project object */;
			proxyType = 1;
			remoteGlobalIDString = 7E6745301E72434500485407;
			remoteInfo = TestSwiftScan;
		};
		7E6745541E72434600485407 /* PBXContainerItemProxy */ = {
			isa = PBXContainerItemProxy;
			containerPortal = 7E6745291E72434500485407 /* Project object */;
			proxyType = 1;
			remoteGlobalIDString = 7E6745301E72434500485407;
			remoteInfo = TestSwiftScan;
		};
/* End PBXContainerItemProxy section */

/* Begin PBXFileReference section */
		44B8485D610D535D370078CA /* Pods-TestSwiftScan.debug.xcconfig */ = {isa = PBXFileReference; includeInIndex = 1; lastKnownFileType = text.xcconfig; name = "Pods-TestSwiftScan.debug.xcconfig"; path = "Pods/Target Support Files/Pods-TestSwiftScan/Pods-TestSwiftScan.debug.xcconfig"; sourceTree = "<group>"; };
		618EFE7FAB713D052D8B3127 /* Pods_TestSwiftScan.framework */ = {isa = PBXFileReference; explicitFileType = wrapper.framework; includeInIndex = 0; path = Pods_TestSwiftScan.framework; sourceTree = BUILT_PRODUCTS_DIR; };
		7E18BBF3A209951524BF94D2 /* Pods-TestSwiftScan.release.xcconfig */ = {isa = PBXFileReference; includeInIndex = 1; lastKnownFileType = text.xcconfig; name = "Pods-TestSwiftScan.release.xcconfig"; path = "Pods/Target Support Files/Pods-TestSwiftScan/Pods-TestSwiftScan.release.xcconfig"; sourceTree = "<group>"; };
		7E6745311E72434500485407 /* TestSwiftScan.app */ = {isa = PBXFileReference; explicitFileType = wrapper.application; includeInIndex = 0; path = TestSwiftScan.app; sourceTree = BUILT_PRODUCTS_DIR; };
		7E6745341E72434500485407 /* AppDelegate.swift */ = {isa = PBXFileReference; lastKnownFileType = sourcecode.swift; path = AppDelegate.swift; sourceTree = "<group>"; };
		7E6745361E72434500485407 /* ViewController.swift */ = {isa = PBXFileReference; lastKnownFileType = sourcecode.swift; path = ViewController.swift; sourceTree = "<group>"; };
		7E6745391E72434500485407 /* Base */ = {isa = PBXFileReference; lastKnownFileType = file.storyboard; name = Base; path = Base.lproj/Main.storyboard; sourceTree = "<group>"; };
		7E67453C1E72434500485407 /* TestSwiftScan.xcdatamodel */ = {isa = PBXFileReference; lastKnownFileType = wrapper.xcdatamodel; path = TestSwiftScan.xcdatamodel; sourceTree = "<group>"; };
		7E67453E1E72434500485407 /* Assets.xcassets */ = {isa = PBXFileReference; lastKnownFileType = folder.assetcatalog; path = Assets.xcassets; sourceTree = "<group>"; };
		7E6745411E72434500485407 /* Base */ = {isa = PBXFileReference; lastKnownFileType = file.storyboard; name = Base; path = Base.lproj/LaunchScreen.storyboard; sourceTree = "<group>"; };
		7E6745431E72434500485407 /* Info.plist */ = {isa = PBXFileReference; lastKnownFileType = text.plist.xml; path = Info.plist; sourceTree = "<group>"; };
		7E6745481E72434600485407 /* TestSwiftScanTests.xctest */ = {isa = PBXFileReference; explicitFileType = wrapper.cfbundle; includeInIndex = 0; path = TestSwiftScanTests.xctest; sourceTree = BUILT_PRODUCTS_DIR; };
		7E67454C1E72434600485407 /* TestSwiftScanTests.swift */ = {isa = PBXFileReference; lastKnownFileType = sourcecode.swift; path = TestSwiftScanTests.swift; sourceTree = "<group>"; };
		7E67454E1E72434600485407 /* Info.plist */ = {isa = PBXFileReference; lastKnownFileType = text.plist.xml; path = Info.plist; sourceTree = "<group>"; };
		7E6745531E72434600485407 /* TestSwiftScanUITests.xctest */ = {isa = PBXFileReference; explicitFileType = wrapper.cfbundle; includeInIndex = 0; path = TestSwiftScanUITests.xctest; sourceTree = BUILT_PRODUCTS_DIR; };
		7E6745571E72434600485407 /* TestSwiftScanUITests.swift */ = {isa = PBXFileReference; lastKnownFileType = sourcecode.swift; path = TestSwiftScanUITests.swift; sourceTree = "<group>"; };
		7E6745591E72434600485407 /* Info.plist */ = {isa = PBXFileReference; lastKnownFileType = text.plist.xml; path = Info.plist; sourceTree = "<group>"; };
		7E6745651E7243DA00485407 /* ScanViewController.swift */ = {isa = PBXFileReference; fileEncoding = 4; lastKnownFileType = sourcecode.swift; path = ScanViewController.swift; sourceTree = "<group>"; };
/* End PBXFileReference section */

/* Begin PBXFrameworksBuildPhase section */
		7E67452E1E72434500485407 /* Frameworks */ = {
			isa = PBXFrameworksBuildPhase;
			buildActionMask = 2147483647;
			files = (
				CB6934255879956137DD7B05 /* Pods_TestSwiftScan.framework in Frameworks */,
			);
			runOnlyForDeploymentPostprocessing = 0;
		};
		7E6745451E72434600485407 /* Frameworks */ = {
			isa = PBXFrameworksBuildPhase;
			buildActionMask = 2147483647;
			files = (
			);
			runOnlyForDeploymentPostprocessing = 0;
		};
		7E6745501E72434600485407 /* Frameworks */ = {
			isa = PBXFrameworksBuildPhase;
			buildActionMask = 2147483647;
			files = (
			);
			runOnlyForDeploymentPostprocessing = 0;
		};
/* End PBXFrameworksBuildPhase section */

/* Begin PBXGroup section */
		63B93C055B2D977DD3787886 /* Frameworks */ = {
			isa = PBXGroup;
			children = (
				618EFE7FAB713D052D8B3127 /* Pods_TestSwiftScan.framework */,
			);
			name = Frameworks;
			sourceTree = "<group>";
		};
		7E6745281E72434500485407 = {
			isa = PBXGroup;
			children = (
				7E6745331E72434500485407 /* TestSwiftScan */,
				7E67454B1E72434600485407 /* TestSwiftScanTests */,
				7E6745561E72434600485407 /* TestSwiftScanUITests */,
				7E6745321E72434500485407 /* Products */,
				9102DB31DA0692B0B7C5FEE9 /* Pods */,
				63B93C055B2D977DD3787886 /* Frameworks */,
			);
			sourceTree = "<group>";
		};
		7E6745321E72434500485407 /* Products */ = {
			isa = PBXGroup;
			children = (
				7E6745311E72434500485407 /* TestSwiftScan.app */,
				7E6745481E72434600485407 /* TestSwiftScanTests.xctest */,
				7E6745531E72434600485407 /* TestSwiftScanUITests.xctest */,
			);
			name = Products;
			sourceTree = "<group>";
		};
		7E6745331E72434500485407 /* TestSwiftScan */ = {
			isa = PBXGroup;
			children = (
				7E6745341E72434500485407 /* AppDelegate.swift */,
				7E6745361E72434500485407 /* ViewController.swift */,
				7E6745651E7243DA00485407 /* ScanViewController.swift */,
				7E6745381E72434500485407 /* Main.storyboard */,
				7E67453E1E72434500485407 /* Assets.xcassets */,
				7E6745401E72434500485407 /* LaunchScreen.storyboard */,
				7E6745431E72434500485407 /* Info.plist */,
				7E67453B1E72434500485407 /* TestSwiftScan.xcdatamodeld */,
			);
			path = TestSwiftScan;
			sourceTree = "<group>";
		};
		7E67454B1E72434600485407 /* TestSwiftScanTests */ = {
			isa = PBXGroup;
			children = (
				7E67454C1E72434600485407 /* TestSwiftScanTests.swift */,
				7E67454E1E72434600485407 /* Info.plist */,
			);
			path = TestSwiftScanTests;
			sourceTree = "<group>";
		};
		7E6745561E72434600485407 /* TestSwiftScanUITests */ = {
			isa = PBXGroup;
			children = (
				7E6745571E72434600485407 /* TestSwiftScanUITests.swift */,
				7E6745591E72434600485407 /* Info.plist */,
			);
			path = TestSwiftScanUITests;
			sourceTree = "<group>";
		};
		9102DB31DA0692B0B7C5FEE9 /* Pods */ = {
			isa = PBXGroup;
			children = (
				44B8485D610D535D370078CA /* Pods-TestSwiftScan.debug.xcconfig */,
				7E18BBF3A209951524BF94D2 /* Pods-TestSwiftScan.release.xcconfig */,
			);
			name = Pods;
			sourceTree = "<group>";
		};
/* End PBXGroup section */

/* Begin PBXNativeTarget section */
		7E6745301E72434500485407 /* TestSwiftScan */ = {
			isa = PBXNativeTarget;
			buildConfigurationList = 7E67455C1E72434600485407 /* Build configuration list for PBXNativeTarget "TestSwiftScan" */;
			buildPhases = (
				D55595A423D2BB40F2755701 /* [CP] Check Pods Manifest.lock */,
				7E67452D1E72434500485407 /* Sources */,
				7E67452E1E72434500485407 /* Frameworks */,
				7E67452F1E72434500485407 /* Resources */,
				FA8DA30211C2D03A3D9847E2 /* [CP] Embed Pods Frameworks */,
				6B76383371F9A739F74E12CC /* [CP] Copy Pods Resources */,
			);
			buildRules = (
			);
			dependencies = (
			);
			name = TestSwiftScan;
			productName = TestSwiftScan;
			productReference = 7E6745311E72434500485407 /* TestSwiftScan.app */;
			productType = "com.apple.product-type.application";
		};
		7E6745471E72434600485407 /* TestSwiftScanTests */ = {
			isa = PBXNativeTarget;
			buildConfigurationList = 7E67455F1E72434600485407 /* Build configuration list for PBXNativeTarget "TestSwiftScanTests" */;
			buildPhases = (
				7E6745441E72434600485407 /* Sources */,
				7E6745451E72434600485407 /* Frameworks */,
				7E6745461E72434600485407 /* Resources */,
			);
			buildRules = (
			);
			dependencies = (
				7E67454A1E72434600485407 /* PBXTargetDependency */,
			);
			name = TestSwiftScanTests;
			productName = TestSwiftScanTests;
			productReference = 7E6745481E72434600485407 /* TestSwiftScanTests.xctest */;
			productType = "com.apple.product-type.bundle.unit-test";
		};
		7E6745521E72434600485407 /* TestSwiftScanUITests */ = {
			isa = PBXNativeTarget;
			buildConfigurationList = 7E6745621E72434600485407 /* Build configuration list for PBXNativeTarget "TestSwiftScanUITests" */;
			buildPhases = (
				7E67454F1E72434600485407 /* Sources */,
				7E6745501E72434600485407 /* Frameworks */,
				7E6745511E72434600485407 /* Resources */,
			);
			buildRules = (
			);
			dependencies = (
				7E6745551E72434600485407 /* PBXTargetDependency */,
			);
			name = TestSwiftScanUITests;
			productName = TestSwiftScanUITests;
			productReference = 7E6745531E72434600485407 /* TestSwiftScanUITests.xctest */;
			productType = "com.apple.product-type.bundle.ui-testing";
		};
/* End PBXNativeTarget section */

/* Begin PBXProject section */
		7E6745291E72434500485407 /* Project object */ = {
			isa = PBXProject;
			attributes = {
				LastSwiftUpdateCheck = 0820;
				LastUpgradeCheck = 0820;
				ORGANIZATIONNAME = ysj;
				TargetAttributes = {
					7E6745301E72434500485407 = {
						CreatedOnToolsVersion = 8.2.1;
						DevelopmentTeam = 2EUZ5J663F;
						ProvisioningStyle = Automatic;
					};
					7E6745471E72434600485407 = {
						CreatedOnToolsVersion = 8.2.1;
						DevelopmentTeam = 2EUZ5J663F;
						ProvisioningStyle = Automatic;
						TestTargetID = 7E6745301E72434500485407;
					};
					7E6745521E72434600485407 = {
						CreatedOnToolsVersion = 8.2.1;
						DevelopmentTeam = 2EUZ5J663F;
						ProvisioningStyle = Automatic;
						TestTargetID = 7E6745301E72434500485407;
					};
				};
			};
			buildConfigurationList = 7E67452C1E72434500485407 /* Build configuration list for PBXProject "TestSwiftScan" */;
			compatibilityVersion = "Xcode 3.2";
			developmentRegion = English;
			hasScannedForEncodings = 0;
			knownRegions = (
				en,
				Base,
			);
			mainGroup = 7E6745281E72434500485407;
			productRefGroup = 7E6745321E72434500485407 /* Products */;
			projectDirPath = "";
			projectRoot = "";
			targets = (
				7E6745301E72434500485407 /* TestSwiftScan */,
				7E6745471E72434600485407 /* TestSwiftScanTests */,
				7E6745521E72434600485407 /* TestSwiftScanUITests */,
			);
		};
/* End PBXProject section */

/* Begin PBXResourcesBuildPhase section */
		7E67452F1E72434500485407 /* Resources */ = {
			isa = PBXResourcesBuildPhase;
			buildActionMask = 2147483647;
			files = (
				7E6745421E72434500485407 /* LaunchScreen.storyboard in Resources */,
				7E67453F1E72434500485407 /* Assets.xcassets in Resources */,
				7E67453A1E72434500485407 /* Main.storyboard in Resources */,
			);
			runOnlyForDeploymentPostprocessing = 0;
		};
		7E6745461E72434600485407 /* Resources */ = {
			isa = PBXResourcesBuildPhase;
			buildActionMask = 2147483647;
			files = (
			);
			runOnlyForDeploymentPostprocessing = 0;
		};
		7E6745511E72434600485407 /* Resources */ = {
			isa = PBXResourcesBuildPhase;
			buildActionMask = 2147483647;
			files = (
			);
			runOnlyForDeploymentPostprocessing = 0;
		};
/* End PBXResourcesBuildPhase section */

/* Begin PBXShellScriptBuildPhase section */
		6B76383371F9A739F74E12CC /* [CP] Copy Pods Resources */ = {
			isa = PBXShellScriptBuildPhase;
			buildActionMask = 2147483647;
			files = (
			);
			inputPaths = (
			);
			name = "[CP] Copy Pods Resources";
			outputPaths = (
			);
			runOnlyForDeploymentPostprocessing = 0;
			shellPath = /bin/sh;
			shellScript = "\"${SRCROOT}/Pods/Target Support Files/Pods-TestSwiftScan/Pods-TestSwiftScan-resources.sh\"\n";
			showEnvVarsInLog = 0;
		};
		D55595A423D2BB40F2755701 /* [CP] Check Pods Manifest.lock */ = {
			isa = PBXShellScriptBuildPhase;
			buildActionMask = 2147483647;
			files = (
			);
			inputPaths = (
			);
			name = "[CP] Check Pods Manifest.lock";
			outputPaths = (
			);
			runOnlyForDeploymentPostprocessing = 0;
			shellPath = /bin/sh;
			shellScript = "diff \"${PODS_ROOT}/../Podfile.lock\" \"${PODS_ROOT}/Manifest.lock\" > /dev/null\nif [ $? != 0 ] ; then\n    # print error to STDERR\n    echo \"error: The sandbox is not in sync with the Podfile.lock. Run 'pod install' or update your CocoaPods installation.\" >&2\n    exit 1\nfi\n";
			showEnvVarsInLog = 0;
		};
		FA8DA30211C2D03A3D9847E2 /* [CP] Embed Pods Frameworks */ = {
			isa = PBXShellScriptBuildPhase;
			buildActionMask = 2147483647;
			files = (
			);
			inputPaths = (
			);
			name = "[CP] Embed Pods Frameworks";
			outputPaths = (
			);
			runOnlyForDeploymentPostprocessing = 0;
			shellPath = /bin/sh;
			shellScript = "\"${SRCROOT}/Pods/Target Support Files/Pods-TestSwiftScan/Pods-TestSwiftScan-frameworks.sh\"\n";
			showEnvVarsInLog = 0;
		};
/* End PBXShellScriptBuildPhase section */

/* Begin PBXSourcesBuildPhase section */
		7E67452D1E72434500485407 /* Sources */ = {
			isa = PBXSourcesBuildPhase;
			buildActionMask = 2147483647;
			files = (
				7E6745371E72434500485407 /* ViewController.swift in Sources */,
				7E67453D1E72434500485407 /* TestSwiftScan.xcdatamodeld in Sources */,
				7E6745351E72434500485407 /* AppDelegate.swift in Sources */,
				7E6745661E7243DA00485407 /* ScanViewController.swift in Sources */,
			);
			runOnlyForDeploymentPostprocessing = 0;
		};
		7E6745441E72434600485407 /* Sources */ = {
			isa = PBXSourcesBuildPhase;
			buildActionMask = 2147483647;
			files = (
				7E67454D1E72434600485407 /* TestSwiftScanTests.swift in Sources */,
			);
			runOnlyForDeploymentPostprocessing = 0;
		};
		7E67454F1E72434600485407 /* Sources */ = {
			isa = PBXSourcesBuildPhase;
			buildActionMask = 2147483647;
			files = (
				7E6745581E72434600485407 /* TestSwiftScanUITests.swift in Sources */,
			);
			runOnlyForDeploymentPostprocessing = 0;
		};
/* End PBXSourcesBuildPhase section */

/* Begin PBXTargetDependency section */
		7E67454A1E72434600485407 /* PBXTargetDependency */ = {
			isa = PBXTargetDependency;
			target = 7E6745301E72434500485407 /* TestSwiftScan */;
			targetProxy = 7E6745491E72434600485407 /* PBXContainerItemProxy */;
		};
		7E6745551E72434600485407 /* PBXTargetDependency */ = {
			isa = PBXTargetDependency;
			target = 7E6745301E72434500485407 /* TestSwiftScan */;
			targetProxy = 7E6745541E72434600485407 /* PBXContainerItemProxy */;
		};
/* End PBXTargetDependency section */

/* Begin PBXVariantGroup section */
		7E6745381E72434500485407 /* Main.storyboard */ = {
			isa = PBXVariantGroup;
			children = (
				7E6745391E72434500485407 /* Base */,
			);
			name = Main.storyboard;
			sourceTree = "<group>";
		};
		7E6745401E72434500485407 /* LaunchScreen.storyboard */ = {
			isa = PBXVariantGroup;
			children = (
				7E6745411E72434500485407 /* Base */,
			);
			name = LaunchScreen.storyboard;
			sourceTree = "<group>";
		};
/* End PBXVariantGroup section */

/* Begin XCBuildConfiguration section */
		7E67455A1E72434600485407 /* Debug */ = {
			isa = XCBuildConfiguration;
			buildSettings = {
				ALWAYS_SEARCH_USER_PATHS = NO;
				CLANG_ANALYZER_NONNULL = YES;
				CLANG_CXX_LANGUAGE_STANDARD = "gnu++0x";
				CLANG_CXX_LIBRARY = "libc++";
				CLANG_ENABLE_MODULES = YES;
				CLANG_ENABLE_OBJC_ARC = YES;
				CLANG_WARN_BOOL_CONVERSION = YES;
				CLANG_WARN_CONSTANT_CONVERSION = YES;
				CLANG_WARN_DIRECT_OBJC_ISA_USAGE = YES_ERROR;
				CLANG_WARN_DOCUMENTATION_COMMENTS = YES;
				CLANG_WARN_EMPTY_BODY = YES;
				CLANG_WARN_ENUM_CONVERSION = YES;
				CLANG_WARN_INFINITE_RECURSION = YES;
				CLANG_WARN_INT_CONVERSION = YES;
				CLANG_WARN_OBJC_ROOT_CLASS = YES_ERROR;
				CLANG_WARN_SUSPICIOUS_MOVE = YES;
				CLANG_WARN_UNREACHABLE_CODE = YES;
				CLANG_WARN__DUPLICATE_METHOD_MATCH = YES;
				"CODE_SIGN_IDENTITY[sdk=iphoneos*]" = "iPhone Developer";
				COPY_PHASE_STRIP = NO;
				DEBUG_INFORMATION_FORMAT = dwarf;
				ENABLE_STRICT_OBJC_MSGSEND = YES;
				ENABLE_TESTABILITY = YES;
				GCC_C_LANGUAGE_STANDARD = gnu99;
				GCC_DYNAMIC_NO_PIC = NO;
				GCC_NO_COMMON_BLOCKS = YES;
				GCC_OPTIMIZATION_LEVEL = 0;
				GCC_PREPROCESSOR_DEFINITIONS = (
					"DEBUG=1",
					"$(inherited)",
				);
				GCC_WARN_64_TO_32_BIT_CONVERSION = YES;
				GCC_WARN_ABOUT_RETURN_TYPE = YES_ERROR;
				GCC_WARN_UNDECLARED_SELECTOR = YES;
				GCC_WARN_UNINITIALIZED_AUTOS = YES_AGGRESSIVE;
				GCC_WARN_UNUSED_FUNCTION = YES;
				GCC_WARN_UNUSED_VARIABLE = YES;
				IPHONEOS_DEPLOYMENT_TARGET = 10.2;
				MTL_ENABLE_DEBUG_INFO = YES;
				ONLY_ACTIVE_ARCH = YES;
				SDKROOT = iphoneos;
				SWIFT_ACTIVE_COMPILATION_CONDITIONS = DEBUG;
				SWIFT_OPTIMIZATION_LEVEL = "-Onone";
			};
			name = Debug;
		};
		7E67455B1E72434600485407 /* Release */ = {
			isa = XCBuildConfiguration;
			buildSettings = {
				ALWAYS_SEARCH_USER_PATHS = NO;
				CLANG_ANALYZER_NONNULL = YES;
				CLANG_CXX_LANGUAGE_STANDARD = "gnu++0x";
				CLANG_CXX_LIBRARY = "libc++";
				CLANG_ENABLE_MODULES = YES;
				CLANG_ENABLE_OBJC_ARC = YES;
				CLANG_WARN_BOOL_CONVERSION = YES;
				CLANG_WARN_CONSTANT_CONVERSION = YES;
				CLANG_WARN_DIRECT_OBJC_ISA_USAGE = YES_ERROR;
				CLANG_WARN_DOCUMENTATION_COMMENTS = YES;
				CLANG_WARN_EMPTY_BODY = YES;
				CLANG_WARN_ENUM_CONVERSION = YES;
				CLANG_WARN_INFINITE_RECURSION = YES;
				CLANG_WARN_INT_CONVERSION = YES;
				CLANG_WARN_OBJC_ROOT_CLASS = YES_ERROR;
				CLANG_WARN_SUSPICIOUS_MOVE = YES;
				CLANG_WARN_UNREACHABLE_CODE = YES;
				CLANG_WARN__DUPLICATE_METHOD_MATCH = YES;
				"CODE_SIGN_IDENTITY[sdk=iphoneos*]" = "iPhone Developer";
				COPY_PHASE_STRIP = NO;
				DEBUG_INFORMATION_FORMAT = "dwarf-with-dsym";
				ENABLE_NS_ASSERTIONS = NO;
				ENABLE_STRICT_OBJC_MSGSEND = YES;
				GCC_C_LANGUAGE_STANDARD = gnu99;
				GCC_NO_COMMON_BLOCKS = YES;
				GCC_WARN_64_TO_32_BIT_CONVERSION = YES;
				GCC_WARN_ABOUT_RETURN_TYPE = YES_ERROR;
				GCC_WARN_UNDECLARED_SELECTOR = YES;
				GCC_WARN_UNINITIALIZED_AUTOS = YES_AGGRESSIVE;
				GCC_WARN_UNUSED_FUNCTION = YES;
				GCC_WARN_UNUSED_VARIABLE = YES;
				IPHONEOS_DEPLOYMENT_TARGET = 10.2;
				MTL_ENABLE_DEBUG_INFO = NO;
				SDKROOT = iphoneos;
				SWIFT_OPTIMIZATION_LEVEL = "-Owholemodule";
				VALIDATE_PRODUCT = YES;
			};
			name = Release;
		};
		7E67455D1E72434600485407 /* Debug */ = {
			isa = XCBuildConfiguration;
			baseConfigurationReference = 44B8485D610D535D370078CA /* Pods-TestSwiftScan.debug.xcconfig */;
			buildSettings = {
				ASSETCATALOG_COMPILER_APPICON_NAME = AppIcon;
				DEVELOPMENT_TEAM = 2EUZ5J663F;
				INFOPLIST_FILE = TestSwiftScan/Info.plist;
				LD_RUNPATH_SEARCH_PATHS = "$(inherited) @executable_path/Frameworks";
				PRODUCT_BUNDLE_IDENTIFIER = ysj.TestSwiftScan;
				PRODUCT_NAME = "$(TARGET_NAME)";
				SWIFT_VERSION = 3.0;
			};
			name = Debug;
		};
		7E67455E1E72434600485407 /* Release */ = {
			isa = XCBuildConfiguration;
			baseConfigurationReference = 7E18BBF3A209951524BF94D2 /* Pods-TestSwiftScan.release.xcconfig */;
			buildSettings = {
				ASSETCATALOG_COMPILER_APPICON_NAME = AppIcon;
				DEVELOPMENT_TEAM = 2EUZ5J663F;
				INFOPLIST_FILE = TestSwiftScan/Info.plist;
				LD_RUNPATH_SEARCH_PATHS = "$(inherited) @executable_path/Frameworks";
				PRODUCT_BUNDLE_IDENTIFIER = ysj.TestSwiftScan;
				PRODUCT_NAME = "$(TARGET_NAME)";
				SWIFT_VERSION = 3.0;
			};
			name = Release;
		};
		7E6745601E72434600485407 /* Debug */ = {
			isa = XCBuildConfiguration;
			buildSettings = {
				ALWAYS_EMBED_SWIFT_STANDARD_LIBRARIES = YES;
				BUNDLE_LOADER = "$(TEST_HOST)";
				DEVELOPMENT_TEAM = 2EUZ5J663F;
				INFOPLIST_FILE = TestSwiftScanTests/Info.plist;
				LD_RUNPATH_SEARCH_PATHS = "$(inherited) @executable_path/Frameworks @loader_path/Frameworks";
				PRODUCT_BUNDLE_IDENTIFIER = ysj.TestSwiftScanTests;
				PRODUCT_NAME = "$(TARGET_NAME)";
				SWIFT_VERSION = 3.0;
				TEST_HOST = "$(BUILT_PRODUCTS_DIR)/TestSwiftScan.app/TestSwiftScan";
			};
			name = Debug;
		};
		7E6745611E72434600485407 /* Release */ = {
			isa = XCBuildConfiguration;
			buildSettings = {
				ALWAYS_EMBED_SWIFT_STANDARD_LIBRARIES = YES;
				BUNDLE_LOADER = "$(TEST_HOST)";
				DEVELOPMENT_TEAM = 2EUZ5J663F;
				INFOPLIST_FILE = TestSwiftScanTests/Info.plist;
				LD_RUNPATH_SEARCH_PATHS = "$(inherited) @executable_path/Frameworks @loader_path/Frameworks";
				PRODUCT_BUNDLE_IDENTIFIER = ysj.TestSwiftScanTests;
				PRODUCT_NAME = "$(TARGET_NAME)";
				SWIFT_VERSION = 3.0;
				TEST_HOST = "$(BUILT_PRODUCTS_DIR)/TestSwiftScan.app/TestSwiftScan";
			};
			name = Release;
		};
		7E6745631E72434600485407 /* Debug */ = {
			isa = XCBuildConfiguration;
			buildSettings = {
				ALWAYS_EMBED_SWIFT_STANDARD_LIBRARIES = YES;
				DEVELOPMENT_TEAM = 2EUZ5J663F;
				INFOPLIST_FILE = TestSwiftScanUITests/Info.plist;
				LD_RUNPATH_SEARCH_PATHS = "$(inherited) @executable_path/Frameworks @loader_path/Frameworks";
				PRODUCT_BUNDLE_IDENTIFIER = ysj.TestSwiftScanUITests;
				PRODUCT_NAME = "$(TARGET_NAME)";
				SWIFT_VERSION = 3.0;
				TEST_TARGET_NAME = TestSwiftScan;
			};
			name = Debug;
		};
		7E6745641E72434600485407 /* Release */ = {
			isa = XCBuildConfiguration;
			buildSettings = {
				ALWAYS_EMBED_SWIFT_STANDARD_LIBRARIES = YES;
				DEVELOPMENT_TEAM = 2EUZ5J663F;
				INFOPLIST_FILE = TestSwiftScanUITests/Info.plist;
				LD_RUNPATH_SEARCH_PATHS = "$(inherited) @executable_path/Frameworks @loader_path/Frameworks";
				PRODUCT_BUNDLE_IDENTIFIER = ysj.TestSwiftScanUITests;
				PRODUCT_NAME = "$(TARGET_NAME)";
				SWIFT_VERSION = 3.0;
				TEST_TARGET_NAME = TestSwiftScan;
			};
			name = Release;
		};
/* End XCBuildConfiguration section */

/* Begin XCConfigurationList section */
		7E67452C1E72434500485407 /* Build configuration list for PBXProject "TestSwiftScan" */ = {
			isa = XCConfigurationList;
			buildConfigurations = (
				7E67455A1E72434600485407 /* Debug */,
				7E67455B1E72434600485407 /* Release */,
			);
			defaultConfigurationIsVisible = 0;
			defaultConfigurationName = Release;
		};
		7E67455C1E72434600485407 /* Build configuration list for PBXNativeTarget "TestSwiftScan" */ = {
			isa = XCConfigurationList;
			buildConfigurations = (
				7E67455D1E72434600485407 /* Debug */,
				7E67455E1E72434600485407 /* Release */,
			);
			defaultConfigurationIsVisible = 0;
		};
		7E67455F1E72434600485407 /* Build configuration list for PBXNativeTarget "TestSwiftScanTests" */ = {
			isa = XCConfigurationList;
			buildConfigurations = (
				7E6745601E72434600485407 /* Debug */,
				7E6745611E72434600485407 /* Release */,
			);
			defaultConfigurationIsVisible = 0;
		};
		7E6745621E72434600485407 /* Build configuration list for PBXNativeTarget "TestSwiftScanUITests" */ = {
			isa = XCConfigurationList;
			buildConfigurations = (
				7E6745631E72434600485407 /* Debug */,
				7E6745641E72434600485407 /* Release */,
			);
			defaultConfigurationIsVisible = 0;
		};
/* End XCConfigurationList section */

/* Begin XCVersionGroup section */
		7E67453B1E72434500485407 /* TestSwiftScan.xcdatamodeld */ = {
			isa = XCVersionGroup;
			children = (
				7E67453C1E72434500485407 /* TestSwiftScan.xcdatamodel */,
			);
			currentVersion = 7E67453C1E72434500485407 /* TestSwiftScan.xcdatamodel */;
			path = TestSwiftScan.xcdatamodeld;
			sourceTree = "<group>";
			versionGroupType = wrapper.xcdatamodel;
		};
/* End XCVersionGroup section */
	};
	rootObject = 7E6745291E72434500485407 /* Project object */;
}
